
Microsoft Visual Studio Solution File, Format Version 12.00
# Visual Studio Version 17
VisualStudioVersion = 17.14.36301.6 d17.14
MinimumVisualStudioVersion = 10.0.40219.1
Project("{FAE04EC0-301F-11D3-BF4B-00C04F79EFBC}") = "ChainResource.service", "ChainResource.service\ChainResource.service.csproj", "{DFD3960D-8FCC-4E59-8F6E-CCCCA5A4E43B}"
EndProject
Global
	GlobalSection(SolutionConfigurationPlatforms) = preSolution
		Debug|Any CPU = Debug|Any CPU
		Release|Any CPU = Release|Any CPU
	EndGlobalSection
	GlobalSection(ProjectConfigurationPlatforms) = postSolution
		{DFD3960D-8FCC-4E59-8F6E-CCCCA5A4E43B}.Debug|Any CPU.ActiveCfg = Debug|Any CPU
		{DFD3960D-8FCC-4E59-8F6E-CCCCA5A4E43B}.Debug|Any CPU.Build.0 = Debug|Any CPU
		{DFD3960D-8FCC-4E59-8F6E-CCCCA5A4E43B}.Release|Any CPU.ActiveCfg = Release|Any CPU
		{DFD3960D-8FCC-4E59-8F6E-CCCCA5A4E43B}.Release|Any CPU.Build.0 = Release|Any CPU
	EndGlobalSection
	GlobalSection(SolutionProperties) = preSolution
		HideSolutionNode = FALSE
	EndGlobalSection
	GlobalSection(ExtensibilityGlobals) = postSolution
		SolutionGuid = {30F8AC89-D6A2-437C-B709-64776FBF2CF4}
	EndGlobalSection
EndGlobal
